
Microsoft Visual Studio Solution File, Format Version 12.00
# Visual Studio 15
VisualStudioVersion = 15.0.27130.2036
MinimumVisualStudioVersion = 10.0.40219.1
Project("{FAE04EC0-301F-11D3-BF4B-00C04F79EFBC}") = "New_Iterator", "New_Iterator\New_Iterator.csproj", "{B34D8F6C-4661-45F7-B0A5-AE92E5A549CB}"
EndProject
Global
	GlobalSection(SolutionConfigurationPlatforms) = preSolution
		Debug|Any CPU = Debug|Any CPU
		Release|Any CPU = Release|Any CPU
	EndGlobalSection
	GlobalSection(ProjectConfigurationPlatforms) = postSolution
		{B34D8F6C-4661-45F7-B0A5-AE92E5A549CB}.Debug|Any CPU.ActiveCfg = Debug|Any CPU
		{B34D8F6C-4661-45F7-B0A5-AE92E5A549CB}.Debug|Any CPU.Build.0 = Debug|Any CPU
		{B34D8F6C-4661-45F7-B0A5-AE92E5A549CB}.Release|Any CPU.ActiveCfg = Release|Any CPU
		{B34D8F6C-4661-45F7-B0A5-AE92E5A549CB}.Release|Any CPU.Build.0 = Release|Any CPU
	EndGlobalSection
	GlobalSection(SolutionProperties) = preSolution
		HideSolutionNode = FALSE
	EndGlobalSection
	GlobalSection(ExtensibilityGlobals) = postSolution
		SolutionGuid = {2EE4D227-9425-496B-B736-2011CED86523}
	EndGlobalSection
EndGlobal
